
Microsoft Visual Studio Solution File, Format Version 12.00
# Visual Studio Version 17
VisualStudioVersion = 17.0.32112.339
MinimumVisualStudioVersion = 10.0.40219.1
Project("{9A19103F-16F7-4668-BE54-9A1E7A4F7556}") = "PizzaButt.Contracts", "PizzaButt.Contracts\PizzaButt.Contracts.csproj", "{79A38CD5-ACA0-43D7-855C-52ED5D7B7256}"
EndProject
Project("{2150E333-8FDC-42A3-9474-1A3956D46DE8}") = "Solution Items", "Solution Items", "{3DDC2E73-37DA-41CE-A418-86734B042006}"
	ProjectSection(SolutionItems) = preProject
		docker-compose.yml = docker-compose.yml
		README.md = README.md
	EndProjectSection
EndProject
Project("{9A19103F-16F7-4668-BE54-9A1E7A4F7556}") = "PizzaButt.Orders", "PizzaButt.Orders\PizzaButt.Orders.csproj", "{B7B8ADC0-3479-4C21-8A2F-5CFCB99A758E}"
EndProject
Project("{2150E333-8FDC-42A3-9474-1A3956D46DE8}") = "src", "src", "{9C72CB65-8208-4D35-8D4A-6F020055322B}"
EndProject
Project("{2150E333-8FDC-42A3-9474-1A3956D46DE8}") = "Orders", "Orders", "{F1B3D649-21D0-4AAA-A30A-B81A34889A1A}"
EndProject
Project("{2150E333-8FDC-42A3-9474-1A3956D46DE8}") = "Shared", "Shared", "{13BC2193-239F-4BE2-BC27-51541152E102}"
EndProject
Project("{9A19103F-16F7-4668-BE54-9A1E7A4F7556}") = "PizzaButt.Orders.FunctionalTests", "PizzaButt.Orders.FunctionalTests\PizzaButt.Orders.FunctionalTests.csproj", "{53CB4EDA-8552-40FC-AC2B-600A3F33BDFA}"
EndProject
Project("{9A19103F-16F7-4668-BE54-9A1E7A4F7556}") = "PizzaButt.ClientLibrary", "PizzaButt.ClientLibrary\PizzaButt.ClientLibrary.csproj", "{F513C8B1-D0C7-40C4-837B-9E62A3EB373D}"
EndProject
Project("{2150E333-8FDC-42A3-9474-1A3956D46DE8}") = "Metrics", "Metrics", "{8EBFA46E-89A1-4F7B-90D9-F16EB9AFA80E}"
EndProject
Project("{9A19103F-16F7-4668-BE54-9A1E7A4F7556}") = "PizzaButt.Metrics", "PizzaButt.Metrics\PizzaButt.Metrics.csproj", "{9B33F193-03E5-4C18-8685-675ED5165A24}"
EndProject
Project("{2150E333-8FDC-42A3-9474-1A3956D46DE8}") = "FrontEnd", "FrontEnd", "{1ED28C74-2DA7-4E13-8C02-04D8B0E7F71B}"
EndProject
Project("{FAE04EC0-301F-11D3-BF4B-00C04F79EFBC}") = "PizzaButt.Frontend", "PizzaButt.Frontend\PizzaButt.Frontend.csproj", "{6B0DD95D-1CB6-4A1B-906A-2FBCECFD7D01}"
EndProject
Global
	GlobalSection(SolutionConfigurationPlatforms) = preSolution
		Debug|Any CPU = Debug|Any CPU
		Release|Any CPU = Release|Any CPU
	EndGlobalSection
	GlobalSection(ProjectConfigurationPlatforms) = postSolution
		{79A38CD5-ACA0-43D7-855C-52ED5D7B7256}.Debug|Any CPU.ActiveCfg = Debug|Any CPU
		{79A38CD5-ACA0-43D7-855C-52ED5D7B7256}.Debug|Any CPU.Build.0 = Debug|Any CPU
		{79A38CD5-ACA0-43D7-855C-52ED5D7B7256}.Release|Any CPU.ActiveCfg = Release|Any CPU
		{79A38CD5-ACA0-43D7-855C-52ED5D7B7256}.Release|Any CPU.Build.0 = Release|Any CPU
		{B7B8ADC0-3479-4C21-8A2F-5CFCB99A758E}.Debug|Any CPU.ActiveCfg = Debug|Any CPU
		{B7B8ADC0-3479-4C21-8A2F-5CFCB99A758E}.Debug|Any CPU.Build.0 = Debug|Any CPU
		{B7B8ADC0-3479-4C21-8A2F-5CFCB99A758E}.Release|Any CPU.ActiveCfg = Release|Any CPU
		{B7B8ADC0-3479-4C21-8A2F-5CFCB99A758E}.Release|Any CPU.Build.0 = Release|Any CPU
		{53CB4EDA-8552-40FC-AC2B-600A3F33BDFA}.Debug|Any CPU.ActiveCfg = Debug|Any CPU
		{53CB4EDA-8552-40FC-AC2B-600A3F33BDFA}.Debug|Any CPU.Build.0 = Debug|Any CPU
		{53CB4EDA-8552-40FC-AC2B-600A3F33BDFA}.Release|Any CPU.ActiveCfg = Release|Any CPU
		{53CB4EDA-8552-40FC-AC2B-600A3F33BDFA}.Release|Any CPU.Build.0 = Release|Any CPU
		{F513C8B1-D0C7-40C4-837B-9E62A3EB373D}.Debug|Any CPU.ActiveCfg = Debug|Any CPU
		{F513C8B1-D0C7-40C4-837B-9E62A3EB373D}.Debug|Any CPU.Build.0 = Debug|Any CPU
		{F513C8B1-D0C7-40C4-837B-9E62A3EB373D}.Release|Any CPU.ActiveCfg = Release|Any CPU
		{F513C8B1-D0C7-40C4-837B-9E62A3EB373D}.Release|Any CPU.Build.0 = Release|Any CPU
		{9B33F193-03E5-4C18-8685-675ED5165A24}.Debug|Any CPU.ActiveCfg = Debug|Any CPU
		{9B33F193-03E5-4C18-8685-675ED5165A24}.Debug|Any CPU.Build.0 = Debug|Any CPU
		{9B33F193-03E5-4C18-8685-675ED5165A24}.Release|Any CPU.ActiveCfg = Release|Any CPU
		{9B33F193-03E5-4C18-8685-675ED5165A24}.Release|Any CPU.Build.0 = Release|Any CPU
		{6B0DD95D-1CB6-4A1B-906A-2FBCECFD7D01}.Debug|Any CPU.ActiveCfg = Debug|Any CPU
		{6B0DD95D-1CB6-4A1B-906A-2FBCECFD7D01}.Debug|Any CPU.Build.0 = Debug|Any CPU
		{6B0DD95D-1CB6-4A1B-906A-2FBCECFD7D01}.Release|Any CPU.ActiveCfg = Release|Any CPU
		{6B0DD95D-1CB6-4A1B-906A-2FBCECFD7D01}.Release|Any CPU.Build.0 = Release|Any CPU
	EndGlobalSection
	GlobalSection(SolutionProperties) = preSolution
		HideSolutionNode = FALSE
	EndGlobalSection
	GlobalSection(NestedProjects) = preSolution
		{79A38CD5-ACA0-43D7-855C-52ED5D7B7256} = {13BC2193-239F-4BE2-BC27-51541152E102}
		{B7B8ADC0-3479-4C21-8A2F-5CFCB99A758E} = {F1B3D649-21D0-4AAA-A30A-B81A34889A1A}
		{F1B3D649-21D0-4AAA-A30A-B81A34889A1A} = {9C72CB65-8208-4D35-8D4A-6F020055322B}
		{13BC2193-239F-4BE2-BC27-51541152E102} = {9C72CB65-8208-4D35-8D4A-6F020055322B}
		{53CB4EDA-8552-40FC-AC2B-600A3F33BDFA} = {F1B3D649-21D0-4AAA-A30A-B81A34889A1A}
		{F513C8B1-D0C7-40C4-837B-9E62A3EB373D} = {13BC2193-239F-4BE2-BC27-51541152E102}
		{8EBFA46E-89A1-4F7B-90D9-F16EB9AFA80E} = {9C72CB65-8208-4D35-8D4A-6F020055322B}
		{9B33F193-03E5-4C18-8685-675ED5165A24} = {8EBFA46E-89A1-4F7B-90D9-F16EB9AFA80E}
		{1ED28C74-2DA7-4E13-8C02-04D8B0E7F71B} = {9C72CB65-8208-4D35-8D4A-6F020055322B}
		{6B0DD95D-1CB6-4A1B-906A-2FBCECFD7D01} = {1ED28C74-2DA7-4E13-8C02-04D8B0E7F71B}
	EndGlobalSection
	GlobalSection(ExtensibilityGlobals) = postSolution
		SolutionGuid = {F359A078-0F2C-4489-BBC6-81273C6CB7F4}
	EndGlobalSection
EndGlobal
