
Microsoft Visual Studio Solution File, Format Version 12.00
# Visual Studio Version 17
VisualStudioVersion = 17.0.32112.339
MinimumVisualStudioVersion = 10.0.40219.1
Project("{9A19103F-16F7-4668-BE54-9A1E7A4F7556}") = "PizzaButt.Contracts", "PizzaButt.Contracts\PizzaButt.Contracts.csproj", "{79A38CD5-ACA0-43D7-855C-52ED5D7B7256}"
EndProject
Project("{2150E333-8FDC-42A3-9474-1A3956D46DE8}") = "Solution Items", "Solution Items", "{3DDC2E73-37DA-41CE-A418-86734B042006}"
	ProjectSection(SolutionItems) = preProject
		docker-compose.yml = docker-compose.yml
		README.md = README.md
	EndProjectSection
EndProject
Project("{9A19103F-16F7-4668-BE54-9A1E7A4F7556}") = "PizzaButt.Orders", "PizzaButt.Orders\PizzaButt.Orders.csproj", "{B7B8ADC0-3479-4C21-8A2F-5CFCB99A758E}"
EndProject
Project("{2150E333-8FDC-42A3-9474-1A3956D46DE8}") = "src", "src", "{9C72CB65-8208-4D35-8D4A-6F020055322B}"
EndProject
Project("{2150E333-8FDC-42A3-9474-1A3956D46DE8}") = "Orders", "Orders", "{F1B3D649-21D0-4AAA-A30A-B81A34889A1A}"
EndProject
Project("{2150E333-8FDC-42A3-9474-1A3956D46DE8}") = "Shared", "Shared", "{13BC2193-239F-4BE2-BC27-51541152E102}"
EndProject
Project("{9A19103F-16F7-4668-BE54-9A1E7A4F7556}") = "PizzaButt.Orders.FunctionalTests", "PizzaButt.Orders.FunctionalTests\PizzaButt.Orders.FunctionalTests.csproj", "{53CB4EDA-8552-40FC-AC2B-600A3F33BDFA}"
EndProject
Global
	GlobalSection(SolutionConfigurationPlatforms) = preSolution
		Debug|Any CPU = Debug|Any CPU
		Release|Any CPU = Release|Any CPU
	EndGlobalSection
	GlobalSection(ProjectConfigurationPlatforms) = postSolution
		{79A38CD5-ACA0-43D7-855C-52ED5D7B7256}.Debug|Any CPU.ActiveCfg = Debug|Any CPU
		{79A38CD5-ACA0-43D7-855C-52ED5D7B7256}.Debug|Any CPU.Build.0 = Debug|Any CPU
		{79A38CD5-ACA0-43D7-855C-52ED5D7B7256}.Release|Any CPU.ActiveCfg = Release|Any CPU
		{79A38CD5-ACA0-43D7-855C-52ED5D7B7256}.Release|Any CPU.Build.0 = Release|Any CPU
		{B7B8ADC0-3479-4C21-8A2F-5CFCB99A758E}.Debug|Any CPU.ActiveCfg = Debug|Any CPU
		{B7B8ADC0-3479-4C21-8A2F-5CFCB99A758E}.Debug|Any CPU.Build.0 = Debug|Any CPU
		{B7B8ADC0-3479-4C21-8A2F-5CFCB99A758E}.Release|Any CPU.ActiveCfg = Release|Any CPU
		{B7B8ADC0-3479-4C21-8A2F-5CFCB99A758E}.Release|Any CPU.Build.0 = Release|Any CPU
		{53CB4EDA-8552-40FC-AC2B-600A3F33BDFA}.Debug|Any CPU.ActiveCfg = Debug|Any CPU
		{53CB4EDA-8552-40FC-AC2B-600A3F33BDFA}.Debug|Any CPU.Build.0 = Debug|Any CPU
		{53CB4EDA-8552-40FC-AC2B-600A3F33BDFA}.Release|Any CPU.ActiveCfg = Release|Any CPU
		{53CB4EDA-8552-40FC-AC2B-600A3F33BDFA}.Release|Any CPU.Build.0 = Release|Any CPU
	EndGlobalSection
	GlobalSection(SolutionProperties) = preSolution
		HideSolutionNode = FALSE
	EndGlobalSection
	GlobalSection(NestedProjects) = preSolution
		{79A38CD5-ACA0-43D7-855C-52ED5D7B7256} = {13BC2193-239F-4BE2-BC27-51541152E102}
		{B7B8ADC0-3479-4C21-8A2F-5CFCB99A758E} = {F1B3D649-21D0-4AAA-A30A-B81A34889A1A}
		{F1B3D649-21D0-4AAA-A30A-B81A34889A1A} = {9C72CB65-8208-4D35-8D4A-6F020055322B}
		{13BC2193-239F-4BE2-BC27-51541152E102} = {9C72CB65-8208-4D35-8D4A-6F020055322B}
		{53CB4EDA-8552-40FC-AC2B-600A3F33BDFA} = {F1B3D649-21D0-4AAA-A30A-B81A34889A1A}
	EndGlobalSection
	GlobalSection(ExtensibilityGlobals) = postSolution
		SolutionGuid = {F359A078-0F2C-4489-BBC6-81273C6CB7F4}
	EndGlobalSection
EndGlobal
